
Microsoft Visual Studio Solution File, Format Version 12.00
# Visual Studio Version 17
VisualStudioVersion = 17.0.31912.275
MinimumVisualStudioVersion = 10.0.40219.1
Project("{FAE04EC0-301F-11D3-BF4B-00C04F79EFBC}") = "SampleApi", "SampleApi\SampleApi.csproj", "{39CB7706-92B9-4ED9-8DEA-82E74F03C27D}"
EndProject
Global
	GlobalSection(SolutionConfigurationPlatforms) = preSolution
		Debug|Any CPU = Debug|Any CPU
		Release|Any CPU = Release|Any CPU
	EndGlobalSection
	GlobalSection(ProjectConfigurationPlatforms) = postSolution
		{39CB7706-92B9-4ED9-8DEA-82E74F03C27D}.Debug|Any CPU.ActiveCfg = Debug|Any CPU
		{39CB7706-92B9-4ED9-8DEA-82E74F03C27D}.Debug|Any CPU.Build.0 = Debug|Any CPU
		{39CB7706-92B9-4ED9-8DEA-82E74F03C27D}.Release|Any CPU.ActiveCfg = Release|Any CPU
		{39CB7706-92B9-4ED9-8DEA-82E74F03C27D}.Release|Any CPU.Build.0 = Release|Any CPU
	EndGlobalSection
	GlobalSection(SolutionProperties) = preSolution
		HideSolutionNode = FALSE
	EndGlobalSection
	GlobalSection(ExtensibilityGlobals) = postSolution
		SolutionGuid = {E29B1797-17EE-4E3C-B4C5-90F1983031D7}
	EndGlobalSection
EndGlobal
